
Microsoft Visual Studio Solution File, Format Version 12.00
# Visual Studio Version 17
VisualStudioVersion = 17.5.33516.290
MinimumVisualStudioVersion = 10.0.40219.1
Project("{9A19103F-16F7-4668-BE54-9A1E7A4F7556}") = "Practice_1410", "Practice_1410\Practice_1410.csproj", "{83673A46-BE05-4648-B7BF-6C6BD22B50EC}"
EndProject
Project("{9A19103F-16F7-4668-BE54-9A1E7A4F7556}") = "hw_2", "hw_2\hw_2.csproj", "{7E81B4A2-20DA-49EA-9F32-F885E2DF7064}"
EndProject
Project("{2150E333-8FDC-42A3-9474-1A3956D46DE8}") = "hw_3", "hw_3", "{E94062D0-6888-4C84-B3DF-6978B19023D6}"
EndProject
Project("{9A19103F-16F7-4668-BE54-9A1E7A4F7556}") = "hw_3", "HW3\hw_3\hw_3.csproj", "{6BD9052C-A72A-4841-B9AE-965430C84A87}"
EndProject
Project("{9A19103F-16F7-4668-BE54-9A1E7A4F7556}") = "Entities", "HW3\Entities\Entities.csproj", "{8EB7EEB3-413B-4191-A0B6-0D007D3DBC22}"
EndProject
Project("{9A19103F-16F7-4668-BE54-9A1E7A4F7556}") = "Provider", "HW3\Provider\Provider.csproj", "{436BB2C4-29E7-4369-994C-49013429E361}"
EndProject
Project("{2150E333-8FDC-42A3-9474-1A3956D46DE8}") = "hw_4", "hw_4", "{98A3240B-0DD6-4C61-B230-80C808DE1644}"
EndProject
Project("{9A19103F-16F7-4668-BE54-9A1E7A4F7556}") = "hw_4", "HW4\hw_4\hw_4.csproj", "{45750576-E2DC-4E98-AEE1-AD39BED650D4}"
EndProject
Project("{9A19103F-16F7-4668-BE54-9A1E7A4F7556}") = "ProviderEF", "HW4\ProviderEF\ProviderEF.csproj", "{25D011F6-D78C-4837-98AF-C0DA7FB171DE}"
EndProject
Project("{9A19103F-16F7-4668-BE54-9A1E7A4F7556}") = "EntitiesEF", "HW4\EntitiesEF\EntitiesEF.csproj", "{25BD2EA6-B867-49D5-8D5D-755C446C4C98}"
EndProject
Project("{9A19103F-16F7-4668-BE54-9A1E7A4F7556}") = "Repositories", "HW4\Repositories\Repositories.csproj", "{6D91379A-19E8-4F42-A9B6-A3A2A01E02E7}"
EndProject
Project("{2150E333-8FDC-42A3-9474-1A3956D46DE8}") = "hw_5", "hw_5", "{B86E7307-CEDD-4D67-8700-33DEEB998EB9}"
EndProject
Project("{9A19103F-16F7-4668-BE54-9A1E7A4F7556}") = "hw_5", "HW5\hw_5\hw_5.csproj", "{5FF6D537-728B-495B-9E07-9519BE4F2F8A}"
EndProject
Project("{FAE04EC0-301F-11D3-BF4B-00C04F79EFBC}") = "Validation", "HW5\Validation\Validation.csproj", "{D259EF39-AE88-4332-A3E7-A4CD808878A2}"
EndProject
Project("{FAE04EC0-301F-11D3-BF4B-00C04F79EFBC}") = "Models", "HW5\Responce\Models.csproj", "{819F0506-4A3F-4630-9163-A60B2B52EC3D}"
EndProject
Project("{9A19103F-16F7-4668-BE54-9A1E7A4F7556}") = "Commands", "HW5\Commands\Commands.csproj", "{9C3C04AC-D9B0-47F2-83D4-09E84E25B316}"
EndProject
Global
	GlobalSection(SolutionConfigurationPlatforms) = preSolution
		Debug|Any CPU = Debug|Any CPU
		Release|Any CPU = Release|Any CPU
	EndGlobalSection
	GlobalSection(ProjectConfigurationPlatforms) = postSolution
		{83673A46-BE05-4648-B7BF-6C6BD22B50EC}.Debug|Any CPU.ActiveCfg = Debug|Any CPU
		{83673A46-BE05-4648-B7BF-6C6BD22B50EC}.Debug|Any CPU.Build.0 = Debug|Any CPU
		{83673A46-BE05-4648-B7BF-6C6BD22B50EC}.Release|Any CPU.ActiveCfg = Release|Any CPU
		{83673A46-BE05-4648-B7BF-6C6BD22B50EC}.Release|Any CPU.Build.0 = Release|Any CPU
		{7E81B4A2-20DA-49EA-9F32-F885E2DF7064}.Debug|Any CPU.ActiveCfg = Debug|Any CPU
		{7E81B4A2-20DA-49EA-9F32-F885E2DF7064}.Debug|Any CPU.Build.0 = Debug|Any CPU
		{7E81B4A2-20DA-49EA-9F32-F885E2DF7064}.Release|Any CPU.ActiveCfg = Release|Any CPU
		{7E81B4A2-20DA-49EA-9F32-F885E2DF7064}.Release|Any CPU.Build.0 = Release|Any CPU
		{6BD9052C-A72A-4841-B9AE-965430C84A87}.Debug|Any CPU.ActiveCfg = Debug|Any CPU
		{6BD9052C-A72A-4841-B9AE-965430C84A87}.Debug|Any CPU.Build.0 = Debug|Any CPU
		{6BD9052C-A72A-4841-B9AE-965430C84A87}.Release|Any CPU.ActiveCfg = Release|Any CPU
		{6BD9052C-A72A-4841-B9AE-965430C84A87}.Release|Any CPU.Build.0 = Release|Any CPU
		{8EB7EEB3-413B-4191-A0B6-0D007D3DBC22}.Debug|Any CPU.ActiveCfg = Debug|Any CPU
		{8EB7EEB3-413B-4191-A0B6-0D007D3DBC22}.Debug|Any CPU.Build.0 = Debug|Any CPU
		{8EB7EEB3-413B-4191-A0B6-0D007D3DBC22}.Release|Any CPU.ActiveCfg = Release|Any CPU
		{8EB7EEB3-413B-4191-A0B6-0D007D3DBC22}.Release|Any CPU.Build.0 = Release|Any CPU
		{436BB2C4-29E7-4369-994C-49013429E361}.Debug|Any CPU.ActiveCfg = Debug|Any CPU
		{436BB2C4-29E7-4369-994C-49013429E361}.Debug|Any CPU.Build.0 = Debug|Any CPU
		{436BB2C4-29E7-4369-994C-49013429E361}.Release|Any CPU.ActiveCfg = Release|Any CPU
		{436BB2C4-29E7-4369-994C-49013429E361}.Release|Any CPU.Build.0 = Release|Any CPU
		{45750576-E2DC-4E98-AEE1-AD39BED650D4}.Debug|Any CPU.ActiveCfg = Debug|Any CPU
		{45750576-E2DC-4E98-AEE1-AD39BED650D4}.Debug|Any CPU.Build.0 = Debug|Any CPU
		{45750576-E2DC-4E98-AEE1-AD39BED650D4}.Release|Any CPU.ActiveCfg = Release|Any CPU
		{45750576-E2DC-4E98-AEE1-AD39BED650D4}.Release|Any CPU.Build.0 = Release|Any CPU
		{25D011F6-D78C-4837-98AF-C0DA7FB171DE}.Debug|Any CPU.ActiveCfg = Debug|Any CPU
		{25D011F6-D78C-4837-98AF-C0DA7FB171DE}.Debug|Any CPU.Build.0 = Debug|Any CPU
		{25D011F6-D78C-4837-98AF-C0DA7FB171DE}.Release|Any CPU.ActiveCfg = Release|Any CPU
		{25D011F6-D78C-4837-98AF-C0DA7FB171DE}.Release|Any CPU.Build.0 = Release|Any CPU
		{25BD2EA6-B867-49D5-8D5D-755C446C4C98}.Debug|Any CPU.ActiveCfg = Debug|Any CPU
		{25BD2EA6-B867-49D5-8D5D-755C446C4C98}.Debug|Any CPU.Build.0 = Debug|Any CPU
		{25BD2EA6-B867-49D5-8D5D-755C446C4C98}.Release|Any CPU.ActiveCfg = Release|Any CPU
		{25BD2EA6-B867-49D5-8D5D-755C446C4C98}.Release|Any CPU.Build.0 = Release|Any CPU
		{6D91379A-19E8-4F42-A9B6-A3A2A01E02E7}.Debug|Any CPU.ActiveCfg = Debug|Any CPU
		{6D91379A-19E8-4F42-A9B6-A3A2A01E02E7}.Debug|Any CPU.Build.0 = Debug|Any CPU
		{6D91379A-19E8-4F42-A9B6-A3A2A01E02E7}.Release|Any CPU.ActiveCfg = Release|Any CPU
		{6D91379A-19E8-4F42-A9B6-A3A2A01E02E7}.Release|Any CPU.Build.0 = Release|Any CPU
		{5FF6D537-728B-495B-9E07-9519BE4F2F8A}.Debug|Any CPU.ActiveCfg = Debug|Any CPU
		{5FF6D537-728B-495B-9E07-9519BE4F2F8A}.Debug|Any CPU.Build.0 = Debug|Any CPU
		{5FF6D537-728B-495B-9E07-9519BE4F2F8A}.Release|Any CPU.ActiveCfg = Release|Any CPU
		{5FF6D537-728B-495B-9E07-9519BE4F2F8A}.Release|Any CPU.Build.0 = Release|Any CPU
		{D259EF39-AE88-4332-A3E7-A4CD808878A2}.Debug|Any CPU.ActiveCfg = Debug|Any CPU
		{D259EF39-AE88-4332-A3E7-A4CD808878A2}.Debug|Any CPU.Build.0 = Debug|Any CPU
		{D259EF39-AE88-4332-A3E7-A4CD808878A2}.Release|Any CPU.ActiveCfg = Release|Any CPU
		{D259EF39-AE88-4332-A3E7-A4CD808878A2}.Release|Any CPU.Build.0 = Release|Any CPU
		{819F0506-4A3F-4630-9163-A60B2B52EC3D}.Debug|Any CPU.ActiveCfg = Debug|Any CPU
		{819F0506-4A3F-4630-9163-A60B2B52EC3D}.Debug|Any CPU.Build.0 = Debug|Any CPU
		{819F0506-4A3F-4630-9163-A60B2B52EC3D}.Release|Any CPU.ActiveCfg = Release|Any CPU
		{819F0506-4A3F-4630-9163-A60B2B52EC3D}.Release|Any CPU.Build.0 = Release|Any CPU
		{9C3C04AC-D9B0-47F2-83D4-09E84E25B316}.Debug|Any CPU.ActiveCfg = Debug|Any CPU
		{9C3C04AC-D9B0-47F2-83D4-09E84E25B316}.Debug|Any CPU.Build.0 = Debug|Any CPU
		{9C3C04AC-D9B0-47F2-83D4-09E84E25B316}.Release|Any CPU.ActiveCfg = Release|Any CPU
		{9C3C04AC-D9B0-47F2-83D4-09E84E25B316}.Release|Any CPU.Build.0 = Release|Any CPU
	EndGlobalSection
	GlobalSection(SolutionProperties) = preSolution
		HideSolutionNode = FALSE
	EndGlobalSection
	GlobalSection(NestedProjects) = preSolution
		{6BD9052C-A72A-4841-B9AE-965430C84A87} = {E94062D0-6888-4C84-B3DF-6978B19023D6}
		{8EB7EEB3-413B-4191-A0B6-0D007D3DBC22} = {E94062D0-6888-4C84-B3DF-6978B19023D6}
		{436BB2C4-29E7-4369-994C-49013429E361} = {E94062D0-6888-4C84-B3DF-6978B19023D6}
		{45750576-E2DC-4E98-AEE1-AD39BED650D4} = {98A3240B-0DD6-4C61-B230-80C808DE1644}
		{25D011F6-D78C-4837-98AF-C0DA7FB171DE} = {98A3240B-0DD6-4C61-B230-80C808DE1644}
		{25BD2EA6-B867-49D5-8D5D-755C446C4C98} = {98A3240B-0DD6-4C61-B230-80C808DE1644}
		{6D91379A-19E8-4F42-A9B6-A3A2A01E02E7} = {98A3240B-0DD6-4C61-B230-80C808DE1644}
		{5FF6D537-728B-495B-9E07-9519BE4F2F8A} = {B86E7307-CEDD-4D67-8700-33DEEB998EB9}
		{D259EF39-AE88-4332-A3E7-A4CD808878A2} = {B86E7307-CEDD-4D67-8700-33DEEB998EB9}
		{819F0506-4A3F-4630-9163-A60B2B52EC3D} = {B86E7307-CEDD-4D67-8700-33DEEB998EB9}
		{9C3C04AC-D9B0-47F2-83D4-09E84E25B316} = {B86E7307-CEDD-4D67-8700-33DEEB998EB9}
	EndGlobalSection
	GlobalSection(ExtensibilityGlobals) = postSolution
		SolutionGuid = {3A4B042B-2975-4E06-B9C4-6E428D7F5B0A}
	EndGlobalSection
EndGlobal
